
Microsoft Visual Studio Solution File, Format Version 12.00
# Visual Studio 15
Project("{FAE04EC0-301F-11D3-BF4B-00C04F79EFBC}") = "Assembly-CSharp", "Assembly-CSharp.csproj", "{12C713B3-27D3-91DA-05F4-93A974B2680E}"
EndProject
Project("{FAE04EC0-301F-11D3-BF4B-00C04F79EFBC}") = "Assembly-CSharp-Editor", "Assembly-CSharp-Editor.csproj", "{6CD560B1-7CB0-5022-8DEB-26A95C21F7B0}"
EndProject
Global
	GlobalSection(SolutionConfigurationPlatforms) = preSolution
		Debug|Any CPU = Debug|Any CPU
		Release|Any CPU = Release|Any CPU
	EndGlobalSection
	GlobalSection(ProjectConfigurationPlatforms) = postSolution
		{12C713B3-27D3-91DA-05F4-93A974B2680E}.Debug|Any CPU.ActiveCfg = Debug|Any CPU
		{12C713B3-27D3-91DA-05F4-93A974B2680E}.Debug|Any CPU.Build.0 = Debug|Any CPU
		{12C713B3-27D3-91DA-05F4-93A974B2680E}.Release|Any CPU.ActiveCfg = Release|Any CPU
		{12C713B3-27D3-91DA-05F4-93A974B2680E}.Release|Any CPU.Build.0 = Release|Any CPU
		{6CD560B1-7CB0-5022-8DEB-26A95C21F7B0}.Debug|Any CPU.ActiveCfg = Debug|Any CPU
		{6CD560B1-7CB0-5022-8DEB-26A95C21F7B0}.Debug|Any CPU.Build.0 = Debug|Any CPU
		{6CD560B1-7CB0-5022-8DEB-26A95C21F7B0}.Release|Any CPU.ActiveCfg = Release|Any CPU
		{6CD560B1-7CB0-5022-8DEB-26A95C21F7B0}.Release|Any CPU.Build.0 = Release|Any CPU
	EndGlobalSection
	GlobalSection(SolutionProperties) = preSolution
		HideSolutionNode = FALSE
	EndGlobalSection
EndGlobal
